
Microsoft Visual Studio Solution File, Format Version 12.00
# Visual Studio Version 16
VisualStudioVersion = 16.0.31410.357
MinimumVisualStudioVersion = 10.0.40219.1
Project("{8BC9CEB8-8B4A-11D0-8D11-00A0C91BC942}") = "SysProgramming", "SysProgramming\SysProgramming.vcxproj", "{11A44138-49D3-4E07-99BC-1319A3C0D1D5}"
EndProject
Global
	GlobalSection(SolutionConfigurationPlatforms) = preSolution
		Debug|x64 = Debug|x64
		Debug|x86 = Debug|x86
		Release|x64 = Release|x64
		Release|x86 = Release|x86
	EndGlobalSection
	GlobalSection(ProjectConfigurationPlatforms) = postSolution
		{11A44138-49D3-4E07-99BC-1319A3C0D1D5}.Debug|x64.ActiveCfg = Debug|x64
		{11A44138-49D3-4E07-99BC-1319A3C0D1D5}.Debug|x64.Build.0 = Debug|x64
		{11A44138-49D3-4E07-99BC-1319A3C0D1D5}.Debug|x86.ActiveCfg = Debug|Win32
		{11A44138-49D3-4E07-99BC-1319A3C0D1D5}.Debug|x86.Build.0 = Debug|Win32
		{11A44138-49D3-4E07-99BC-1319A3C0D1D5}.Release|x64.ActiveCfg = Release|x64
		{11A44138-49D3-4E07-99BC-1319A3C0D1D5}.Release|x64.Build.0 = Release|x64
		{11A44138-49D3-4E07-99BC-1319A3C0D1D5}.Release|x86.ActiveCfg = Release|Win32
		{11A44138-49D3-4E07-99BC-1319A3C0D1D5}.Release|x86.Build.0 = Release|Win32
	EndGlobalSection
	GlobalSection(SolutionProperties) = preSolution
		HideSolutionNode = FALSE
	EndGlobalSection
	GlobalSection(ExtensibilityGlobals) = postSolution
		SolutionGuid = {937A36C7-B3E7-4E14-B224-7706D4A7D325}
	EndGlobalSection
EndGlobal
